# THIS IS AN AUTOGENERATED FILE. DO NOT EDIT THIS FILE DIRECTLY.
# yarn lockfile v1


"@types/circular-json@^0.4.0":
  version "0.4.0"
  resolved "https://registry.yarnpkg.com/@types/circular-json/-/circular-json-0.4.0.tgz#7401f7e218cfe87ad4c43690da5658b9acaf51be"

base4@^1.0.0:
  version "1.0.0"
  resolved "https://registry.yarnpkg.com/base4/-/base4-1.0.0.tgz#0d7f5a80b6ad4b37dd99e8ada4e2f35c9678e811"

circular-json@^0.5.4:
  version "0.5.4"
  resolved "https://registry.yarnpkg.com/circular-json/-/circular-json-0.5.4.tgz#ff1ad2f2e392eeb8a5172d4d985fa846ed8ad656"

pako@^1.0.6:
  version "1.0.6"
  resolved "https://registry.yarnpkg.com/pako/-/pako-1.0.6.tgz#0101211baa70c4bca4a0f63f2206e97b7dfaf258"
